
Microsoft Visual Studio Solution File, Format Version 12.00
# Visual Studio Version 16
VisualStudioVersion = 16.0.31129.286
MinimumVisualStudioVersion = 10.0.40219.1
Project("{8BC9CEB8-8B4A-11D0-8D11-00A0C91BC942}") = "Chapter12", "Chapter12.vcxproj", "{4677EDC3-716D-4134-A7A7-E5DB7092BEBE}"
EndProject
Global
	GlobalSection(SolutionConfigurationPlatforms) = preSolution
		Debug|x64 = Debug|x64
		Debug|x86 = Debug|x86
		Release|x64 = Release|x64
		Release|x86 = Release|x86
	EndGlobalSection
	GlobalSection(ProjectConfigurationPlatforms) = postSolution
		{4677EDC3-716D-4134-A7A7-E5DB7092BEBE}.Debug|x64.ActiveCfg = Debug|x64
		{4677EDC3-716D-4134-A7A7-E5DB7092BEBE}.Debug|x64.Build.0 = Debug|x64
		{4677EDC3-716D-4134-A7A7-E5DB7092BEBE}.Debug|x86.ActiveCfg = Debug|Win32
		{4677EDC3-716D-4134-A7A7-E5DB7092BEBE}.Debug|x86.Build.0 = Debug|Win32
		{4677EDC3-716D-4134-A7A7-E5DB7092BEBE}.Release|x64.ActiveCfg = Release|x64
		{4677EDC3-716D-4134-A7A7-E5DB7092BEBE}.Release|x64.Build.0 = Release|x64
		{4677EDC3-716D-4134-A7A7-E5DB7092BEBE}.Release|x86.ActiveCfg = Release|Win32
		{4677EDC3-716D-4134-A7A7-E5DB7092BEBE}.Release|x86.Build.0 = Release|Win32
	EndGlobalSection
	GlobalSection(SolutionProperties) = preSolution
		HideSolutionNode = FALSE
	EndGlobalSection
	GlobalSection(ExtensibilityGlobals) = postSolution
		SolutionGuid = {3E8AFE73-C232-4727-AACF-A73B6739BDDD}
	EndGlobalSection
EndGlobal
